// !$*UTF8*$!
{
	archiveVersion = 1;
	classes = {
	};
	objectVersion = 50;
	objects = {

/* Begin PBXBuildFile section */
		FA1E839F24C1E28D00A4DFB9 /* AppDelegate.swift in Sources */ = {isa = PBXBuildFile; fileRef = FA1E839E24C1E28D00A4DFB9 /* AppDelegate.swift */; };
		FA1E83A124C1E28D00A4DFB9 /* SceneDelegate.swift in Sources */ = {isa = PBXBuildFile; fileRef = FA1E83A024C1E28D00A4DFB9 /* SceneDelegate.swift */; };
		FA1E83A324C1E28D00A4DFB9 /* ViewController.swift in Sources */ = {isa = PBXBuildFile; fileRef = FA1E83A224C1E28D00A4DFB9 /* ViewController.swift */; };
		FA1E83A624C1E28D00A4DFB9 /* Main.storyboard in Resources */ = {isa = PBXBuildFile; fileRef = FA1E83A424C1E28D00A4DFB9 /* Main.storyboard */; };
		FA1E83A824C1E29500A4DFB9 /* Assets.xcassets in Resources */ = {isa = PBXBuildFile; fileRef = FA1E83A724C1E29500A4DFB9 /* Assets.xcassets */; };
		FA1E83AB24C1E29500A4DFB9 /* LaunchScreen.storyboard in Resources */ = {isa = PBXBuildFile; fileRef = FA1E83A924C1E29500A4DFB9 /* LaunchScreen.storyboard */; };
		FA1E83B324C1F41300A4DFB9 /* Cats.swift in Sources */ = {isa = PBXBuildFile; fileRef = FA1E83B224C1F41300A4DFB9 /* Cats.swift */; };
		FA1E83B524C201D900A4DFB9 /* CatViewController.swift in Sources */ = {isa = PBXBuildFile; fileRef = FA1E83B424C201D900A4DFB9 /* CatViewController.swift */; };
/* End PBXBuildFile section */

/* Begin PBXFileReference section */
		FA1E839B24C1E28D00A4DFB9 /* kotiki.app */ = {isa = PBXFileReference; explicitFileType = wrapper.application; includeInIndex = 0; path = kotiki.app; sourceTree = BUILT_PRODUCTS_DIR; };
		FA1E839E24C1E28D00A4DFB9 /* AppDelegate.swift */ = {isa = PBXFileReference; lastKnownFileType = sourcecode.swift; path = AppDelegate.swift; sourceTree = "<group>"; };
		FA1E83A024C1E28D00A4DFB9 /* SceneDelegate.swift */ = {isa = PBXFileReference; lastKnownFileType = sourcecode.swift; path = SceneDelegate.swift; sourceTree = "<group>"; };
		FA1E83A224C1E28D00A4DFB9 /* ViewController.swift */ = {isa = PBXFileReference; lastKnownFileType = sourcecode.swift; path = ViewController.swift; sourceTree = "<group>"; };
		FA1E83A524C1E28D00A4DFB9 /* Base */ = {isa = PBXFileReference; lastKnownFileType = file.storyboard; name = Base; path = Base.lproj/Main.storyboard; sourceTree = "<group>"; };
		FA1E83A724C1E29500A4DFB9 /* Assets.xcassets */ = {isa = PBXFileReference; lastKnownFileType = folder.assetcatalog; path = Assets.xcassets; sourceTree = "<group>"; };
		FA1E83AA24C1E29500A4DFB9 /* Base */ = {isa = PBXFileReference; lastKnownFileType = file.storyboard; name = Base; path = Base.lproj/LaunchScreen.storyboard; sourceTree = "<group>"; };
		FA1E83AC24C1E29500A4DFB9 /* Info.plist */ = {isa = PBXFileReference; lastKnownFileType = text.plist.xml; path = Info.plist; sourceTree = "<group>"; };
		FA1E83B224C1F41300A4DFB9 /* Cats.swift */ = {isa = PBXFileReference; lastKnownFileType = sourcecode.swift; path = Cats.swift; sourceTree = "<group>"; };
		FA1E83B424C201D900A4DFB9 /* CatViewController.swift */ = {isa = PBXFileReference; lastKnownFileType = sourcecode.swift; path = CatViewController.swift; sourceTree = "<group>"; };
/* End PBXFileReference section */

/* Begin PBXFrameworksBuildPhase section */
		FA1E839824C1E28D00A4DFB9 /* Frameworks */ = {
			isa = PBXFrameworksBuildPhase;
			buildActionMask = 2147483647;
			files = (
			);
			runOnlyForDeploymentPostprocessing = 0;
		};
/* End PBXFrameworksBuildPhase section */

/* Begin PBXGroup section */
		FA1E839224C1E28D00A4DFB9 = {
			isa = PBXGroup;
			children = (
				FA1E839D24C1E28D00A4DFB9 /* kotiki */,
				FA1E839C24C1E28D00A4DFB9 /* Products */,
			);
			sourceTree = "<group>";
		};
		FA1E839C24C1E28D00A4DFB9 /* Products */ = {
			isa = PBXGroup;
			children = (
				FA1E839B24C1E28D00A4DFB9 /* kotiki.app */,
			);
			name = Products;
			sourceTree = "<group>";
		};
		FA1E839D24C1E28D00A4DFB9 /* kotiki */ = {
			isa = PBXGroup;
			children = (
				FA1E839E24C1E28D00A4DFB9 /* AppDelegate.swift */,
				FA1E83A024C1E28D00A4DFB9 /* SceneDelegate.swift */,
				FA1E83A224C1E28D00A4DFB9 /* ViewController.swift */,
				FA1E83B224C1F41300A4DFB9 /* Cats.swift */,
				FA1E83A424C1E28D00A4DFB9 /* Main.storyboard */,
				FA1E83B424C201D900A4DFB9 /* CatViewController.swift */,
				FA1E83A724C1E29500A4DFB9 /* Assets.xcassets */,
				FA1E83A924C1E29500A4DFB9 /* LaunchScreen.storyboard */,
				FA1E83AC24C1E29500A4DFB9 /* Info.plist */,
			);
			path = kotiki;
			sourceTree = "<group>";
		};
/* End PBXGroup section */

/* Begin PBXNativeTarget section */
		FA1E839A24C1E28D00A4DFB9 /* kotiki */ = {
			isa = PBXNativeTarget;
			buildConfigurationList = FA1E83AF24C1E29500A4DFB9 /* Build configuration list for PBXNativeTarget "kotiki" */;
			buildPhases = (
				FA1E839724C1E28D00A4DFB9 /* Sources */,
				FA1E839824C1E28D00A4DFB9 /* Frameworks */,
				FA1E839924C1E28D00A4DFB9 /* Resources */,
			);
			buildRules = (
			);
			dependencies = (
			);
			name = kotiki;
			productName = kotiki;
			productReference = FA1E839B24C1E28D00A4DFB9 /* kotiki.app */;
			productType = "com.apple.product-type.application";
		};
/* End PBXNativeTarget section */

/* Begin PBXProject section */
		FA1E839324C1E28D00A4DFB9 /* Project object */ = {
			isa = PBXProject;
			attributes = {
				LastSwiftUpdateCheck = 1150;
				LastUpgradeCheck = 1150;
				ORGANIZATIONNAME = "Офелия Баширова";
				TargetAttributes = {
					FA1E839A24C1E28D00A4DFB9 = {
						CreatedOnToolsVersion = 11.5;
					};
				};
			};
			buildConfigurationList = FA1E839624C1E28D00A4DFB9 /* Build configuration list for PBXProject "kotiki" */;
			compatibilityVersion = "Xcode 9.3";
			developmentRegion = en;
			hasScannedForEncodings = 0;
			knownRegions = (
				en,
				Base,
			);
			mainGroup = FA1E839224C1E28D00A4DFB9;
			productRefGroup = FA1E839C24C1E28D00A4DFB9 /* Products */;
			projectDirPath = "";
			projectRoot = "";
			targets = (
				FA1E839A24C1E28D00A4DFB9 /* kotiki */,
			);
		};
/* End PBXProject section */

/* Begin PBXResourcesBuildPhase section */
		FA1E839924C1E28D00A4DFB9 /* Resources */ = {
			isa = PBXResourcesBuildPhase;
			buildActionMask = 2147483647;
			files = (
				FA1E83AB24C1E29500A4DFB9 /* LaunchScreen.storyboard in Resources */,
				FA1E83A824C1E29500A4DFB9 /* Assets.xcassets in Resources */,
				FA1E83A624C1E28D00A4DFB9 /* Main.storyboard in Resources */,
			);
			runOnlyForDeploymentPostprocessing = 0;
		};
/* End PBXResourcesBuildPhase section */

/* Begin PBXSourcesBuildPhase section */
		FA1E839724C1E28D00A4DFB9 /* Sources */ = {
			isa = PBXSourcesBuildPhase;
			buildActionMask = 2147483647;
			files = (
				FA1E83B324C1F41300A4DFB9 /* Cats.swift in Sources */,
				FA1E83A324C1E28D00A4DFB9 /* ViewController.swift in Sources */,
				FA1E839F24C1E28D00A4DFB9 /* AppDelegate.swift in Sources */,
				FA1E83B524C201D900A4DFB9 /* CatViewController.swift in Sources */,
				FA1E83A124C1E28D00A4DFB9 /* SceneDelegate.swift in Sources */,
			);
			runOnlyForDeploymentPostprocessing = 0;
		};
/* End PBXSourcesBuildPhase section */

/* Begin PBXVariantGroup section */
		FA1E83A424C1E28D00A4DFB9 /* Main.storyboard */ = {
			isa = PBXVariantGroup;
			children = (
				FA1E83A524C1E28D00A4DFB9 /* Base */,
			);
			name = Main.storyboard;
			sourceTree = "<group>";
		};
		FA1E83A924C1E29500A4DFB9 /* LaunchScreen.storyboard */ = {
			isa = PBXVariantGroup;
			children = (
				FA1E83AA24C1E29500A4DFB9 /* Base */,
			);
			name = LaunchScreen.storyboard;
			sourceTree = "<group>";
		};
/* End PBXVariantGroup section */

/* Begin XCBuildConfiguration section */
		FA1E83AD24C1E29500A4DFB9 /* Debug */ = {
			isa = XCBuildConfiguration;
			buildSettings = {
				ALWAYS_SEARCH_USER_PATHS = NO;
				CLANG_ANALYZER_NONNULL = YES;
				CLANG_ANALYZER_NUMBER_OBJECT_CONVERSION = YES_AGGRESSIVE;
				CLANG_CXX_LANGUAGE_STANDARD = "gnu++14";
				CLANG_CXX_LIBRARY = "libc++";
				CLANG_ENABLE_MODULES = YES;
				CLANG_ENABLE_OBJC_ARC = YES;
				CLANG_ENABLE_OBJC_WEAK = YES;
				CLANG_WARN_BLOCK_CAPTURE_AUTORELEASING = YES;
				CLANG_WARN_BOOL_CONVERSION = YES;
				CLANG_WARN_COMMA = YES;
				CLANG_WARN_CONSTANT_CONVERSION = YES;
				CLANG_WARN_DEPRECATED_OBJC_IMPLEMENTATIONS = YES;
				CLANG_WARN_DIRECT_OBJC_ISA_USAGE = YES_ERROR;
				CLANG_WARN_DOCUMENTATION_COMMENTS = YES;
				CLANG_WARN_EMPTY_BODY = YES;
				CLANG_WARN_ENUM_CONVERSION = YES;
				CLANG_WARN_INFINITE_RECURSION = YES;
				CLANG_WARN_INT_CONVERSION = YES;
				CLANG_WARN_NON_LITERAL_NULL_CONVERSION = YES;
				CLANG_WARN_OBJC_IMPLICIT_RETAIN_SELF = YES;
				CLANG_WARN_OBJC_LITERAL_CONVERSION = YES;
				CLANG_WARN_OBJC_ROOT_CLASS = YES_ERROR;
				CLANG_WARN_RANGE_LOOP_ANALYSIS = YES;
				CLANG_WARN_STRICT_PROTOTYPES = YES;
				CLANG_WARN_SUSPICIOUS_MOVE = YES;
				CLANG_WARN_UNGUARDED_AVAILABILITY = YES_AGGRESSIVE;
				CLANG_WARN_UNREACHABLE_CODE = YES;
				CLANG_WARN__DUPLICATE_METHOD_MATCH = YES;
				COPY_PHASE_STRIP = NO;
				DEBUG_INFORMATION_FORMAT = dwarf;
				ENABLE_STRICT_OBJC_MSGSEND = YES;
				ENABLE_TESTABILITY = YES;
				GCC_C_LANGUAGE_STANDARD = gnu11;
				GCC_DYNAMIC_NO_PIC = NO;
				GCC_NO_COMMON_BLOCKS = YES;
				GCC_OPTIMIZATION_LEVEL = 0;
				GCC_PREPROCESSOR_DEFINITIONS = (
					"DEBUG=1",
					"$(inherited)",
				);
				GCC_WARN_64_TO_32_BIT_CONVERSION = YES;
				GCC_WARN_ABOUT_RETURN_TYPE = YES_ERROR;
				GCC_WARN_UNDECLARED_SELECTOR = YES;
				GCC_WARN_UNINITIALIZED_AUTOS = YES_AGGRESSIVE;
				GCC_WARN_UNUSED_FUNCTION = YES;
				GCC_WARN_UNUSED_VARIABLE = YES;
				IPHONEOS_DEPLOYMENT_TARGET = 13.5;
				MTL_ENABLE_DEBUG_INFO = INCLUDE_SOURCE;
				MTL_FAST_MATH = YES;
				ONLY_ACTIVE_ARCH = YES;
				SDKROOT = iphoneos;
				SWIFT_ACTIVE_COMPILATION_CONDITIONS = DEBUG;
				SWIFT_OPTIMIZATION_LEVEL = "-Onone";
			};
			name = Debug;
		};
		FA1E83AE24C1E29500A4DFB9 /* Release */ = {
			isa = XCBuildConfiguration;
			buildSettings = {
				ALWAYS_SEARCH_USER_PATHS = NO;
				CLANG_ANALYZER_NONNULL = YES;
				CLANG_ANALYZER_NUMBER_OBJECT_CONVERSION = YES_AGGRESSIVE;
				CLANG_CXX_LANGUAGE_STANDARD = "gnu++14";
				CLANG_CXX_LIBRARY = "libc++";
				CLANG_ENABLE_MODULES = YES;
				CLANG_ENABLE_OBJC_ARC = YES;
				CLANG_ENABLE_OBJC_WEAK = YES;
				CLANG_WARN_BLOCK_CAPTURE_AUTORELEASING = YES;
				CLANG_WARN_BOOL_CONVERSION = YES;
				CLANG_WARN_COMMA = YES;
				CLANG_WARN_CONSTANT_CONVERSION = YES;
				CLANG_WARN_DEPRECATED_OBJC_IMPLEMENTATIONS = YES;
				CLANG_WARN_DIRECT_OBJC_ISA_USAGE = YES_ERROR;
				CLANG_WARN_DOCUMENTATION_COMMENTS = YES;
				CLANG_WARN_EMPTY_BODY = YES;
				CLANG_WARN_ENUM_CONVERSION = YES;
				CLANG_WARN_INFINITE_RECURSION = YES;
				CLANG_WARN_INT_CONVERSION = YES;
				CLANG_WARN_NON_LITERAL_NULL_CONVERSION = YES;
				CLANG_WARN_OBJC_IMPLICIT_RETAIN_SELF = YES;
				CLANG_WARN_OBJC_LITERAL_CONVERSION = YES;
				CLANG_WARN_OBJC_ROOT_CLASS = YES_ERROR;
				CLANG_WARN_RANGE_LOOP_ANALYSIS = YES;
				CLANG_WARN_STRICT_PROTOTYPES = YES;
				CLANG_WARN_SUSPICIOUS_MOVE = YES;
				CLANG_WARN_UNGUARDED_AVAILABILITY = YES_AGGRESSIVE;
				CLANG_WARN_UNREACHABLE_CODE = YES;
				CLANG_WARN__DUPLICATE_METHOD_MATCH = YES;
				COPY_PHASE_STRIP = NO;
				DEBUG_INFORMATION_FORMAT = "dwarf-with-dsym";
				ENABLE_NS_ASSERTIONS = NO;
				ENABLE_STRICT_OBJC_MSGSEND = YES;
				GCC_C_LANGUAGE_STANDARD = gnu11;
				GCC_NO_COMMON_BLOCKS = YES;
				GCC_WARN_64_TO_32_BIT_CONVERSION = YES;
				GCC_WARN_ABOUT_RETURN_TYPE = YES_ERROR;
				GCC_WARN_UNDECLARED_SELECTOR = YES;
				GCC_WARN_UNINITIALIZED_AUTOS = YES_AGGRESSIVE;
				GCC_WARN_UNUSED_FUNCTION = YES;
				GCC_WARN_UNUSED_VARIABLE = YES;
				IPHONEOS_DEPLOYMENT_TARGET = 13.5;
				MTL_ENABLE_DEBUG_INFO = NO;
				MTL_FAST_MATH = YES;
				SDKROOT = iphoneos;
				SWIFT_COMPILATION_MODE = wholemodule;
				SWIFT_OPTIMIZATION_LEVEL = "-O";
				VALIDATE_PRODUCT = YES;
			};
			name = Release;
		};
		FA1E83B024C1E29500A4DFB9 /* Debug */ = {
			isa = XCBuildConfiguration;
			buildSettings = {
				ASSETCATALOG_COMPILER_APPICON_NAME = AppIcon;
				CODE_SIGN_STYLE = Automatic;
				INFOPLIST_FILE = kotiki/Info.plist;
				LD_RUNPATH_SEARCH_PATHS = (
					"$(inherited)",
					"@executable_path/Frameworks",
				);
				PRODUCT_BUNDLE_IDENTIFIER = id.kotiki;
				PRODUCT_NAME = "$(TARGET_NAME)";
				SWIFT_VERSION = 5.0;
				TARGETED_DEVICE_FAMILY = "1,2";
			};
			name = Debug;
		};
		FA1E83B124C1E29500A4DFB9 /* Release */ = {
			isa = XCBuildConfiguration;
			buildSettings = {
				ASSETCATALOG_COMPILER_APPICON_NAME = AppIcon;
				CODE_SIGN_STYLE = Automatic;
				INFOPLIST_FILE = kotiki/Info.plist;
				LD_RUNPATH_SEARCH_PATHS = (
					"$(inherited)",
					"@executable_path/Frameworks",
				);
				PRODUCT_BUNDLE_IDENTIFIER = id.kotiki;
				PRODUCT_NAME = "$(TARGET_NAME)";
				SWIFT_VERSION = 5.0;
				TARGETED_DEVICE_FAMILY = "1,2";
			};
			name = Release;
		};
/* End XCBuildConfiguration section */

/* Begin XCConfigurationList section */
		FA1E839624C1E28D00A4DFB9 /* Build configuration list for PBXProject "kotiki" */ = {
			isa = XCConfigurationList;
			buildConfigurations = (
				FA1E83AD24C1E29500A4DFB9 /* Debug */,
				FA1E83AE24C1E29500A4DFB9 /* Release */,
			);
			defaultConfigurationIsVisible = 0;
			defaultConfigurationName = Release;
		};
		FA1E83AF24C1E29500A4DFB9 /* Build configuration list for PBXNativeTarget "kotiki" */ = {
			isa = XCConfigurationList;
			buildConfigurations = (
				FA1E83B024C1E29500A4DFB9 /* Debug */,
				FA1E83B124C1E29500A4DFB9 /* Release */,
			);
			defaultConfigurationIsVisible = 0;
			defaultConfigurationName = Release;
		};
/* End XCConfigurationList section */
	};
	rootObject = FA1E839324C1E28D00A4DFB9 /* Project object */;
}
